
Microsoft Visual Studio Solution File, Format Version 12.00
# Visual Studio Version 17
VisualStudioVersion = 17.10.35122.118
MinimumVisualStudioVersion = 10.0.40219.1
Project("{9A19103F-16F7-4668-BE54-9A1E7A4F7556}") = "ApiCrud", "ApiCrud.csproj", "{81DFDD31-CC77-4979-AD06-B4A2C8858123}"
EndProject
Global
	GlobalSection(SolutionConfigurationPlatforms) = preSolution
		Debug|Any CPU = Debug|Any CPU
		Release|Any CPU = Release|Any CPU
	EndGlobalSection
	GlobalSection(ProjectConfigurationPlatforms) = postSolution
		{81DFDD31-CC77-4979-AD06-B4A2C8858123}.Debug|Any CPU.ActiveCfg = Debug|Any CPU
		{81DFDD31-CC77-4979-AD06-B4A2C8858123}.Debug|Any CPU.Build.0 = Debug|Any CPU
		{81DFDD31-CC77-4979-AD06-B4A2C8858123}.Release|Any CPU.ActiveCfg = Release|Any CPU
		{81DFDD31-CC77-4979-AD06-B4A2C8858123}.Release|Any CPU.Build.0 = Release|Any CPU
	EndGlobalSection
	GlobalSection(SolutionProperties) = preSolution
		HideSolutionNode = FALSE
	EndGlobalSection
	GlobalSection(ExtensibilityGlobals) = postSolution
		SolutionGuid = {75A70710-3674-454F-A960-C58012651E0B}
	EndGlobalSection
EndGlobal
